
Microsoft Visual Studio Solution File, Format Version 12.00
# Visual Studio Version 16
VisualStudioVersion = 25.0.1705.4
MinimumVisualStudioVersion = 10.0.40219.1
Project("{FAE04EC0-301F-11D3-BF4B-00C04F79EFBC}") = "RSSWebApp", "RSSWebApp\RSSWebApp.csproj", "{19D18620-B86B-4B25-BAB7-598159F76AB7}"
EndProject
Global
	GlobalSection(SolutionConfigurationPlatforms) = preSolution
		Debug|Any CPU = Debug|Any CPU
		Release|Any CPU = Release|Any CPU
	EndGlobalSection
	GlobalSection(ProjectConfigurationPlatforms) = postSolution
		{19D18620-B86B-4B25-BAB7-598159F76AB7}.Debug|Any CPU.ActiveCfg = Debug|Any CPU
		{19D18620-B86B-4B25-BAB7-598159F76AB7}.Debug|Any CPU.Build.0 = Debug|Any CPU
		{19D18620-B86B-4B25-BAB7-598159F76AB7}.Release|Any CPU.ActiveCfg = Release|Any CPU
		{19D18620-B86B-4B25-BAB7-598159F76AB7}.Release|Any CPU.Build.0 = Release|Any CPU
	EndGlobalSection
	GlobalSection(SolutionProperties) = preSolution
		HideSolutionNode = FALSE
	EndGlobalSection
	GlobalSection(ExtensibilityGlobals) = postSolution
		SolutionGuid = {9BD8253B-9A0F-4E53-8FFC-6E25712F5A41}
	EndGlobalSection
EndGlobal
